{"filter":false,"title":"yarn.lock","tooltip":"/Bookers2/yarn.lock","undoManager":{"mark":-1,"position":-1,"stack":[]},"ace":{"folds":[],"scrolltop":2580,"scrollleft":0,"selection":{"start":{"row":0,"column":0},"end":{"row":0,"column":0},"isBackwards":false},"options":{"guessTabSize":true,"useWrapMode":false,"wrapToView":true},"firstLineState":{"row":214,"state":"start","mode":"ace/mode/text"}},"timestamp":1658295452053,"hash":"541400a37409a2b7588a8e01598443f4b7cca839"}